// !$*UTF8*$!
{
	archiveVersion = 1;
	classes = {
	};
	objectVersion = 46;
	objects = {

/* Begin PBXBuildFile section */
		1F30808E1D96183300E571D0 /* AppDelegate.swift in Sources */ = {isa = PBXBuildFile; fileRef = 1F30808D1D96183300E571D0 /* AppDelegate.swift */; };
		1F3080901D96183300E571D0 /* ViewController.swift in Sources */ = {isa = PBXBuildFile; fileRef = 1F30808F1D96183300E571D0 /* ViewController.swift */; };
		1F3080931D96183300E571D0 /* Main.storyboard in Resources */ = {isa = PBXBuildFile; fileRef = 1F3080911D96183300E571D0 /* Main.storyboard */; };
		1F3080951D96183300E571D0 /* Assets.xcassets in Resources */ = {isa = PBXBuildFile; fileRef = 1F3080941D96183300E571D0 /* Assets.xcassets */; };
		1F3080981D96183300E571D0 /* LaunchScreen.storyboard in Resources */ = {isa = PBXBuildFile; fileRef = 1F3080961D96183300E571D0 /* LaunchScreen.storyboard */; };
		1F3080A31D96183400E571D0 /* TipsTests.swift in Sources */ = {isa = PBXBuildFile; fileRef = 1F3080A21D96183400E571D0 /* TipsTests.swift */; };
		1F3080AE1D96183400E571D0 /* TipsUITests.swift in Sources */ = {isa = PBXBuildFile; fileRef = 1F3080AD1D96183400E571D0 /* TipsUITests.swift */; };
/* End PBXBuildFile section */

/* Begin PBXContainerItemProxy section */
		1F30809F1D96183300E571D0 /* PBXContainerItemProxy */ = {
			isa = PBXContainerItemProxy;
			containerPortal = 1F3080821D96183300E571D0 /* Project object */;
			proxyType = 1;
			remoteGlobalIDString = 1F3080891D96183300E571D0;
			remoteInfo = Tips;
		};
		1F3080AA1D96183400E571D0 /* PBXContainerItemProxy */ = {
			isa = PBXContainerItemProxy;
			containerPortal = 1F3080821D96183300E571D0 /* Project object */;
			proxyType = 1;
			remoteGlobalIDString = 1F3080891D96183300E571D0;
			remoteInfo = Tips;
		};
/* End PBXContainerItemProxy section */

/* Begin PBXFileReference section */
		1F30808A1D96183300E571D0 /* Tips.app */ = {isa = PBXFileReference; explicitFileType = wrapper.application; includeInIndex = 0; path = Tips.app; sourceTree = BUILT_PRODUCTS_DIR; };
		1F30808D1D96183300E571D0 /* AppDelegate.swift */ = {isa = PBXFileReference; lastKnownFileType = sourcecode.swift; path = AppDelegate.swift; sourceTree = "<group>"; };
		1F30808F1D96183300E571D0 /* ViewController.swift */ = {isa = PBXFileReference; lastKnownFileType = sourcecode.swift; path = ViewController.swift; sourceTree = "<group>"; };
		1F3080921D96183300E571D0 /* Base */ = {isa = PBXFileReference; lastKnownFileType = file.storyboard; name = Base; path = Base.lproj/Main.storyboard; sourceTree = "<group>"; };
		1F3080941D96183300E571D0 /* Assets.xcassets */ = {isa = PBXFileReference; lastKnownFileType = folder.assetcatalog; path = Assets.xcassets; sourceTree = "<group>"; };
		1F3080971D96183300E571D0 /* Base */ = {isa = PBXFileReference; lastKnownFileType = file.storyboard; name = Base; path = Base.lproj/LaunchScreen.storyboard; sourceTree = "<group>"; };
		1F3080991D96183300E571D0 /* Info.plist */ = {isa = PBXFileReference; lastKnownFileType = text.plist.xml; path = Info.plist; sourceTree = "<group>"; };
		1F30809E1D96183300E571D0 /* TipsTests.xctest */ = {isa = PBXFileReference; explicitFileType = wrapper.cfbundle; includeInIndex = 0; path = TipsTests.xctest; sourceTree = BUILT_PRODUCTS_DIR; };
		1F3080A21D96183400E571D0 /* TipsTests.swift */ = {isa = PBXFileReference; lastKnownFileType = sourcecode.swift; path = TipsTests.swift; sourceTree = "<group>"; };
		1F3080A41D96183400E571D0 /* Info.plist */ = {isa = PBXFileReference; lastKnownFileType = text.plist.xml; path = Info.plist; sourceTree = "<group>"; };
		1F3080A91D96183400E571D0 /* TipsUITests.xctest */ = {isa = PBXFileReference; explicitFileType = wrapper.cfbundle; includeInIndex = 0; path = TipsUITests.xctest; sourceTree = BUILT_PRODUCTS_DIR; };
		1F3080AD1D96183400E571D0 /* TipsUITests.swift */ = {isa = PBXFileReference; lastKnownFileType = sourcecode.swift; path = TipsUITests.swift; sourceTree = "<group>"; };
		1F3080AF1D96183400E571D0 /* Info.plist */ = {isa = PBXFileReference; lastKnownFileType = text.plist.xml; path = Info.plist; sourceTree = "<group>"; };
/* End PBXFileReference section */

/* Begin PBXFrameworksBuildPhase section */
		1F3080871D96183300E571D0 /* Frameworks */ = {
			isa = PBXFrameworksBuildPhase;
			buildActionMask = 2147483647;
			files = (
			);
			runOnlyForDeploymentPostprocessing = 0;
		};
		1F30809B1D96183300E571D0 /* Frameworks */ = {
			isa = PBXFrameworksBuildPhase;
			buildActionMask = 2147483647;
			files = (
			);
			runOnlyForDeploymentPostprocessing = 0;
		};
		1F3080A61D96183400E571D0 /* Frameworks */ = {
			isa = PBXFrameworksBuildPhase;
			buildActionMask = 2147483647;
			files = (
			);
			runOnlyForDeploymentPostprocessing = 0;
		};
/* End PBXFrameworksBuildPhase section */

/* Begin PBXGroup section */
		1F3080811D96183300E571D0 = {
			isa = PBXGroup;
			children = (
				1F30808C1D96183300E571D0 /* Tips */,
				1F3080A11D96183400E571D0 /* TipsTests */,
				1F3080AC1D96183400E571D0 /* TipsUITests */,
				1F30808B1D96183300E571D0 /* Products */,
			);
			sourceTree = "<group>";
		};
		1F30808B1D96183300E571D0 /* Products */ = {
			isa = PBXGroup;
			children = (
				1F30808A1D96183300E571D0 /* Tips.app */,
				1F30809E1D96183300E571D0 /* TipsTests.xctest */,
				1F3080A91D96183400E571D0 /* TipsUITests.xctest */,
			);
			name = Products;
			sourceTree = "<group>";
		};
		1F30808C1D96183300E571D0 /* Tips */ = {
			isa = PBXGroup;
			children = (
				1F30808D1D96183300E571D0 /* AppDelegate.swift */,
				1F30808F1D96183300E571D0 /* ViewController.swift */,
				1F3080911D96183300E571D0 /* Main.storyboard */,
				1F3080941D96183300E571D0 /* Assets.xcassets */,
				1F3080961D96183300E571D0 /* LaunchScreen.storyboard */,
				1F3080991D96183300E571D0 /* Info.plist */,
			);
			path = Tips;
			sourceTree = "<group>";
		};
		1F3080A11D96183400E571D0 /* TipsTests */ = {
			isa = PBXGroup;
			children = (
				1F3080A21D96183400E571D0 /* TipsTests.swift */,
				1F3080A41D96183400E571D0 /* Info.plist */,
			);
			path = TipsTests;
			sourceTree = "<group>";
		};
		1F3080AC1D96183400E571D0 /* TipsUITests */ = {
			isa = PBXGroup;
			children = (
				1F3080AD1D96183400E571D0 /* TipsUITests.swift */,
				1F3080AF1D96183400E571D0 /* Info.plist */,
			);
			path = TipsUITests;
			sourceTree = "<group>";
		};
/* End PBXGroup section */

/* Begin PBXNativeTarget section */
		1F3080891D96183300E571D0 /* Tips */ = {
			isa = PBXNativeTarget;
			buildConfigurationList = 1F3080B21D96183400E571D0 /* Build configuration list for PBXNativeTarget "Tips" */;
			buildPhases = (
				1F3080861D96183300E571D0 /* Sources */,
				1F3080871D96183300E571D0 /* Frameworks */,
				1F3080881D96183300E571D0 /* Resources */,
			);
			buildRules = (
			);
			dependencies = (
			);
			name = Tips;
			productName = Tips;
			productReference = 1F30808A1D96183300E571D0 /* Tips.app */;
			productType = "com.apple.product-type.application";
		};
		1F30809D1D96183300E571D0 /* TipsTests */ = {
			isa = PBXNativeTarget;
			buildConfigurationList = 1F3080B51D96183400E571D0 /* Build configuration list for PBXNativeTarget "TipsTests" */;
			buildPhases = (
				1F30809A1D96183300E571D0 /* Sources */,
				1F30809B1D96183300E571D0 /* Frameworks */,
				1F30809C1D96183300E571D0 /* Resources */,
			);
			buildRules = (
			);
			dependencies = (
				1F3080A01D96183300E571D0 /* PBXTargetDependency */,
			);
			name = TipsTests;
			productName = TipsTests;
			productReference = 1F30809E1D96183300E571D0 /* TipsTests.xctest */;
			productType = "com.apple.product-type.bundle.unit-test";
		};
		1F3080A81D96183400E571D0 /* TipsUITests */ = {
			isa = PBXNativeTarget;
			buildConfigurationList = 1F3080B81D96183400E571D0 /* Build configuration list for PBXNativeTarget "TipsUITests" */;
			buildPhases = (
				1F3080A51D96183400E571D0 /* Sources */,
				1F3080A61D96183400E571D0 /* Frameworks */,
				1F3080A71D96183400E571D0 /* Resources */,
			);
			buildRules = (
			);
			dependencies = (
				1F3080AB1D96183400E571D0 /* PBXTargetDependency */,
			);
			name = TipsUITests;
			productName = TipsUITests;
			productReference = 1F3080A91D96183400E571D0 /* TipsUITests.xctest */;
			productType = "com.apple.product-type.bundle.ui-testing";
		};
/* End PBXNativeTarget section */

/* Begin PBXProject section */
		1F3080821D96183300E571D0 /* Project object */ = {
			isa = PBXProject;
			attributes = {
				LastSwiftUpdateCheck = 0800;
				LastUpgradeCheck = 0800;
				ORGANIZATIONNAME = "Chelsea Fischbach";
				TargetAttributes = {
					1F3080891D96183300E571D0 = {
						CreatedOnToolsVersion = 8.0;
						ProvisioningStyle = Automatic;
					};
					1F30809D1D96183300E571D0 = {
						CreatedOnToolsVersion = 8.0;
						ProvisioningStyle = Automatic;
						TestTargetID = 1F3080891D96183300E571D0;
					};
					1F3080A81D96183400E571D0 = {
						CreatedOnToolsVersion = 8.0;
						ProvisioningStyle = Automatic;
						TestTargetID = 1F3080891D96183300E571D0;
					};
				};
			};
			buildConfigurationList = 1F3080851D96183300E571D0 /* Build configuration list for PBXProject "Tips" */;
			compatibilityVersion = "Xcode 3.2";
			developmentRegion = English;
			hasScannedForEncodings = 0;
			knownRegions = (
				en,
				Base,
			);
			mainGroup = 1F3080811D96183300E571D0;
			productRefGroup = 1F30808B1D96183300E571D0 /* Products */;
			projectDirPath = "";
			projectRoot = "";
			targets = (
				1F3080891D96183300E571D0 /* Tips */,
				1F30809D1D96183300E571D0 /* TipsTests */,
				1F3080A81D96183400E571D0 /* TipsUITests */,
			);
		};
/* End PBXProject section */

/* Begin PBXResourcesBuildPhase section */
		1F3080881D96183300E571D0 /* Resources */ = {
			isa = PBXResourcesBuildPhase;
			buildActionMask = 2147483647;
			files = (
				1F3080981D96183300E571D0 /* LaunchScreen.storyboard in Resources */,
				1F3080951D96183300E571D0 /* Assets.xcassets in Resources */,
				1F3080931D96183300E571D0 /* Main.storyboard in Resources */,
			);
			runOnlyForDeploymentPostprocessing = 0;
		};
		1F30809C1D96183300E571D0 /* Resources */ = {
			isa = PBXResourcesBuildPhase;
			buildActionMask = 2147483647;
			files = (
			);
			runOnlyForDeploymentPostprocessing = 0;
		};
		1F3080A71D96183400E571D0 /* Resources */ = {
			isa = PBXResourcesBuildPhase;
			buildActionMask = 2147483647;
			files = (
			);
			runOnlyForDeploymentPostprocessing = 0;
		};
/* End PBXResourcesBuildPhase section */

/* Begin PBXSourcesBuildPhase section */
		1F3080861D96183300E571D0 /* Sources */ = {
			isa = PBXSourcesBuildPhase;
			buildActionMask = 2147483647;
			files = (
				1F3080901D96183300E571D0 /* ViewController.swift in Sources */,
				1F30808E1D96183300E571D0 /* AppDelegate.swift in Sources */,
			);
			runOnlyForDeploymentPostprocessing = 0;
		};
		1F30809A1D96183300E571D0 /* Sources */ = {
			isa = PBXSourcesBuildPhase;
			buildActionMask = 2147483647;
			files = (
				1F3080A31D96183400E571D0 /* TipsTests.swift in Sources */,
			);
			runOnlyForDeploymentPostprocessing = 0;
		};
		1F3080A51D96183400E571D0 /* Sources */ = {
			isa = PBXSourcesBuildPhase;
			buildActionMask = 2147483647;
			files = (
				1F3080AE1D96183400E571D0 /* TipsUITests.swift in Sources */,
			);
			runOnlyForDeploymentPostprocessing = 0;
		};
/* End PBXSourcesBuildPhase section */

/* Begin PBXTargetDependency section */
		1F3080A01D96183300E571D0 /* PBXTargetDependency */ = {
			isa = PBXTargetDependency;
			target = 1F3080891D96183300E571D0 /* Tips */;
			targetProxy = 1F30809F1D96183300E571D0 /* PBXContainerItemProxy */;
		};
		1F3080AB1D96183400E571D0 /* PBXTargetDependency */ = {
			isa = PBXTargetDependency;
			target = 1F3080891D96183300E571D0 /* Tips */;
			targetProxy = 1F3080AA1D96183400E571D0 /* PBXContainerItemProxy */;
		};
/* End PBXTargetDependency section */

/* Begin PBXVariantGroup section */
		1F3080911D96183300E571D0 /* Main.storyboard */ = {
			isa = PBXVariantGroup;
			children = (
				1F3080921D96183300E571D0 /* Base */,
			);
			name = Main.storyboard;
			sourceTree = "<group>";
		};
		1F3080961D96183300E571D0 /* LaunchScreen.storyboard */ = {
			isa = PBXVariantGroup;
			children = (
				1F3080971D96183300E571D0 /* Base */,
			);
			name = LaunchScreen.storyboard;
			sourceTree = "<group>";
		};
/* End PBXVariantGroup section */

/* Begin XCBuildConfiguration section */
		1F3080B01D96183400E571D0 /* Debug */ = {
			isa = XCBuildConfiguration;
			buildSettings = {
				ALWAYS_SEARCH_USER_PATHS = NO;
				CLANG_ANALYZER_NONNULL = YES;
				CLANG_CXX_LANGUAGE_STANDARD = "gnu++0x";
				CLANG_CXX_LIBRARY = "libc++";
				CLANG_ENABLE_MODULES = YES;
				CLANG_ENABLE_OBJC_ARC = YES;
				CLANG_WARN_BOOL_CONVERSION = YES;
				CLANG_WARN_CONSTANT_CONVERSION = YES;
				CLANG_WARN_DIRECT_OBJC_ISA_USAGE = YES_ERROR;
				CLANG_WARN_DOCUMENTATION_COMMENTS = YES;
				CLANG_WARN_EMPTY_BODY = YES;
				CLANG_WARN_ENUM_CONVERSION = YES;
				CLANG_WARN_INFINITE_RECURSION = YES;
				CLANG_WARN_INT_CONVERSION = YES;
				CLANG_WARN_OBJC_ROOT_CLASS = YES_ERROR;
				CLANG_WARN_SUSPICIOUS_MOVES = YES;
				CLANG_WARN_UNREACHABLE_CODE = YES;
				CLANG_WARN__DUPLICATE_METHOD_MATCH = YES;
				"CODE_SIGN_IDENTITY[sdk=iphoneos*]" = "iPhone Developer";
				COPY_PHASE_STRIP = NO;
				DEBUG_INFORMATION_FORMAT = dwarf;
				ENABLE_STRICT_OBJC_MSGSEND = YES;
				ENABLE_TESTABILITY = YES;
				GCC_C_LANGUAGE_STANDARD = gnu99;
				GCC_DYNAMIC_NO_PIC = NO;
				GCC_NO_COMMON_BLOCKS = YES;
				GCC_OPTIMIZATION_LEVEL = 0;
				GCC_PREPROCESSOR_DEFINITIONS = (
					"DEBUG=1",
					"$(inherited)",
				);
				GCC_WARN_64_TO_32_BIT_CONVERSION = YES;
				GCC_WARN_ABOUT_RETURN_TYPE = YES_ERROR;
				GCC_WARN_UNDECLARED_SELECTOR = YES;
				GCC_WARN_UNINITIALIZED_AUTOS = YES_AGGRESSIVE;
				GCC_WARN_UNUSED_FUNCTION = YES;
				GCC_WARN_UNUSED_VARIABLE = YES;
				IPHONEOS_DEPLOYMENT_TARGET = 10.0;
				MTL_ENABLE_DEBUG_INFO = YES;
				ONLY_ACTIVE_ARCH = YES;
				SDKROOT = iphoneos;
				SWIFT_ACTIVE_COMPILATION_CONDITIONS = DEBUG;
				SWIFT_OPTIMIZATION_LEVEL = "-Onone";
			};
			name = Debug;
		};
		1F3080B11D96183400E571D0 /* Release */ = {
			isa = XCBuildConfiguration;
			buildSettings = {
				ALWAYS_SEARCH_USER_PATHS = NO;
				CLANG_ANALYZER_NONNULL = YES;
				CLANG_CXX_LANGUAGE_STANDARD = "gnu++0x";
				CLANG_CXX_LIBRARY = "libc++";
				CLANG_ENABLE_MODULES = YES;
				CLANG_ENABLE_OBJC_ARC = YES;
				CLANG_WARN_BOOL_CONVERSION = YES;
				CLANG_WARN_CONSTANT_CONVERSION = YES;
				CLANG_WARN_DIRECT_OBJC_ISA_USAGE = YES_ERROR;
				CLANG_WARN_DOCUMENTATION_COMMENTS = YES;
				CLANG_WARN_EMPTY_BODY = YES;
				CLANG_WARN_ENUM_CONVERSION = YES;
				CLANG_WARN_INFINITE_RECURSION = YES;
				CLANG_WARN_INT_CONVERSION = YES;
				CLANG_WARN_OBJC_ROOT_CLASS = YES_ERROR;
				CLANG_WARN_SUSPICIOUS_MOVES = YES;
				CLANG_WARN_UNREACHABLE_CODE = YES;
				CLANG_WARN__DUPLICATE_METHOD_MATCH = YES;
				"CODE_SIGN_IDENTITY[sdk=iphoneos*]" = "iPhone Developer";
				COPY_PHASE_STRIP = NO;
				DEBUG_INFORMATION_FORMAT = "dwarf-with-dsym";
				ENABLE_NS_ASSERTIONS = NO;
				ENABLE_STRICT_OBJC_MSGSEND = YES;
				GCC_C_LANGUAGE_STANDARD = gnu99;
				GCC_NO_COMMON_BLOCKS = YES;
				GCC_WARN_64_TO_32_BIT_CONVERSION = YES;
				GCC_WARN_ABOUT_RETURN_TYPE = YES_ERROR;
				GCC_WARN_UNDECLARED_SELECTOR = YES;
				GCC_WARN_UNINITIALIZED_AUTOS = YES_AGGRESSIVE;
				GCC_WARN_UNUSED_FUNCTION = YES;
				GCC_WARN_UNUSED_VARIABLE = YES;
				IPHONEOS_DEPLOYMENT_TARGET = 10.0;
				MTL_ENABLE_DEBUG_INFO = NO;
				SDKROOT = iphoneos;
				SWIFT_OPTIMIZATION_LEVEL = "-Owholemodule";
				VALIDATE_PRODUCT = YES;
			};
			name = Release;
		};
		1F3080B31D96183400E571D0 /* Debug */ = {
			isa = XCBuildConfiguration;
			buildSettings = {
				ASSETCATALOG_COMPILER_APPICON_NAME = AppIcon;
				INFOPLIST_FILE = Tips/Info.plist;
				LD_RUNPATH_SEARCH_PATHS = "$(inherited) @executable_path/Frameworks";
				PRODUCT_BUNDLE_IDENTIFIER = com.msfisch.Tips;
				PRODUCT_NAME = "$(TARGET_NAME)";
				SWIFT_VERSION = 3.0;
			};
			name = Debug;
		};
		1F3080B41D96183400E571D0 /* Release */ = {
			isa = XCBuildConfiguration;
			buildSettings = {
				ASSETCATALOG_COMPILER_APPICON_NAME = AppIcon;
				INFOPLIST_FILE = Tips/Info.plist;
				LD_RUNPATH_SEARCH_PATHS = "$(inherited) @executable_path/Frameworks";
				PRODUCT_BUNDLE_IDENTIFIER = com.msfisch.Tips;
				PRODUCT_NAME = "$(TARGET_NAME)";
				SWIFT_VERSION = 3.0;
			};
			name = Release;
		};
		1F3080B61D96183400E571D0 /* Debug */ = {
			isa = XCBuildConfiguration;
			buildSettings = {
				ALWAYS_EMBED_SWIFT_STANDARD_LIBRARIES = YES;
				BUNDLE_LOADER = "$(TEST_HOST)";
				INFOPLIST_FILE = TipsTests/Info.plist;
				LD_RUNPATH_SEARCH_PATHS = "$(inherited) @executable_path/Frameworks @loader_path/Frameworks";
				PRODUCT_BUNDLE_IDENTIFIER = com.msfisch.TipsTests;
				PRODUCT_NAME = "$(TARGET_NAME)";
				SWIFT_VERSION = 3.0;
				TEST_HOST = "$(BUILT_PRODUCTS_DIR)/Tips.app/Tips";
			};
			name = Debug;
		};
		1F3080B71D96183400E571D0 /* Release */ = {
			isa = XCBuildConfiguration;
			buildSettings = {
				ALWAYS_EMBED_SWIFT_STANDARD_LIBRARIES = YES;
				BUNDLE_LOADER = "$(TEST_HOST)";
				INFOPLIST_FILE = TipsTests/Info.plist;
				LD_RUNPATH_SEARCH_PATHS = "$(inherited) @executable_path/Frameworks @loader_path/Frameworks";
				PRODUCT_BUNDLE_IDENTIFIER = com.msfisch.TipsTests;
				PRODUCT_NAME = "$(TARGET_NAME)";
				SWIFT_VERSION = 3.0;
				TEST_HOST = "$(BUILT_PRODUCTS_DIR)/Tips.app/Tips";
			};
			name = Release;
		};
		1F3080B91D96183400E571D0 /* Debug */ = {
			isa = XCBuildConfiguration;
			buildSettings = {
				ALWAYS_EMBED_SWIFT_STANDARD_LIBRARIES = YES;
				INFOPLIST_FILE = TipsUITests/Info.plist;
				LD_RUNPATH_SEARCH_PATHS = "$(inherited) @executable_path/Frameworks @loader_path/Frameworks";
				PRODUCT_BUNDLE_IDENTIFIER = com.msfisch.TipsUITests;
				PRODUCT_NAME = "$(TARGET_NAME)";
				SWIFT_VERSION = 3.0;
				TEST_TARGET_NAME = Tips;
			};
			name = Debug;
		};
		1F3080BA1D96183400E571D0 /* Release */ = {
			isa = XCBuildConfiguration;
			buildSettings = {
				ALWAYS_EMBED_SWIFT_STANDARD_LIBRARIES = YES;
				INFOPLIST_FILE = TipsUITests/Info.plist;
				LD_RUNPATH_SEARCH_PATHS = "$(inherited) @executable_path/Frameworks @loader_path/Frameworks";
				PRODUCT_BUNDLE_IDENTIFIER = com.msfisch.TipsUITests;
				PRODUCT_NAME = "$(TARGET_NAME)";
				SWIFT_VERSION = 3.0;
				TEST_TARGET_NAME = Tips;
			};
			name = Release;
		};
/* End XCBuildConfiguration section */

/* Begin XCConfigurationList section */
		1F3080851D96183300E571D0 /* Build configuration list for PBXProject "Tips" */ = {
			isa = XCConfigurationList;
			buildConfigurations = (
				1F3080B01D96183400E571D0 /* Debug */,
				1F3080B11D96183400E571D0 /* Release */,
			);
			defaultConfigurationIsVisible = 0;
			defaultConfigurationName = Release;
		};
		1F3080B21D96183400E571D0 /* Build configuration list for PBXNativeTarget "Tips" */ = {
			isa = XCConfigurationList;
			buildConfigurations = (
				1F3080B31D96183400E571D0 /* Debug */,
				1F3080B41D96183400E571D0 /* Release */,
			);
			defaultConfigurationIsVisible = 0;
		};
		1F3080B51D96183400E571D0 /* Build configuration list for PBXNativeTarget "TipsTests" */ = {
			isa = XCConfigurationList;
			buildConfigurations = (
				1F3080B61D96183400E571D0 /* Debug */,
				1F3080B71D96183400E571D0 /* Release */,
			);
			defaultConfigurationIsVisible = 0;
		};
		1F3080B81D96183400E571D0 /* Build configuration list for PBXNativeTarget "TipsUITests" */ = {
			isa = XCConfigurationList;
			buildConfigurations = (
				1F3080B91D96183400E571D0 /* Debug */,
				1F3080BA1D96183400E571D0 /* Release */,
			);
			defaultConfigurationIsVisible = 0;
		};
/* End XCConfigurationList section */
	};
	rootObject = 1F3080821D96183300E571D0 /* Project object */;
}
